
Microsoft Visual Studio Solution File, Format Version 12.00
# Visual Studio 15
VisualStudioVersion = 15.0.28307.645
MinimumVisualStudioVersion = 10.0.40219.1
Project("{FAE04EC0-301F-11D3-BF4B-00C04F79EFBC}") = "GamesBackOffice", "GamesBackOffice\GamesBackOffice\GamesBackOffice.csproj", "{BAF37E59-616A-4310-B5FE-1DB9CF9EAFC8}"
EndProject
Project("{E24C65DC-7377-472B-9ABA-BC803B73C61A}") = "GamesFrontOffice", "GamesFrontOffice\GamesFrontOffice\", "{B9EE074B-C872-4BCC-BE73-EABA865B73A0}"
	ProjectSection(WebsiteProperties) = preProject
		TargetFrameworkMoniker = ".NETFramework,Version%3Dv4.6.1"
		Debug.AspNetCompiler.VirtualPath = "/localhost_51388"
		Debug.AspNetCompiler.PhysicalPath = "GamesFrontOffice\GamesFrontOffice\"
		Debug.AspNetCompiler.TargetPath = "PrecompiledWeb\localhost_51388\"
		Debug.AspNetCompiler.Updateable = "true"
		Debug.AspNetCompiler.ForceOverwrite = "true"
		Debug.AspNetCompiler.FixedNames = "false"
		Debug.AspNetCompiler.Debug = "True"
		Release.AspNetCompiler.VirtualPath = "/localhost_51388"
		Release.AspNetCompiler.PhysicalPath = "GamesFrontOffice\GamesFrontOffice\"
		Release.AspNetCompiler.TargetPath = "PrecompiledWeb\localhost_51388\"
		Release.AspNetCompiler.Updateable = "true"
		Release.AspNetCompiler.ForceOverwrite = "true"
		Release.AspNetCompiler.FixedNames = "false"
		Release.AspNetCompiler.Debug = "False"
		VWDPort = "51388"
		SlnRelativePath = "GamesFrontOffice\GamesFrontOffice\"
		DefaultWebSiteLanguage = "Visual C#"
	EndProjectSection
EndProject
Project("{FAE04EC0-301F-11D3-BF4B-00C04F79EFBC}") = "GamesClasses", "GamesClasses\GamesClasses\GamesClasses.csproj", "{DE032670-2834-45CB-8631-1633007BB889}"
EndProject
Project("{FAE04EC0-301F-11D3-BF4B-00C04F79EFBC}") = "GamesTesting", "Games Testing\Games Testing\GamesTesting.csproj", "{FB01512D-D819-4F07-8B77-B1F4D22B26CB}"
EndProject
Project("{2150E333-8FDC-42A3-9474-1A3956D46DE8}") = "Solution Items", "Solution Items", "{04FBBA46-2AF2-4ED7-933E-066154EA0EE0}"
	ProjectSection(SolutionItems) = preProject
		Games Testing\Games Testing\tstProduct.cs = Games Testing\Games Testing\tstProduct.cs
	EndProjectSection
EndProject
Global
	GlobalSection(SolutionConfigurationPlatforms) = preSolution
		Debug|Any CPU = Debug|Any CPU
		Release|Any CPU = Release|Any CPU
	EndGlobalSection
	GlobalSection(ProjectConfigurationPlatforms) = postSolution
		{BAF37E59-616A-4310-B5FE-1DB9CF9EAFC8}.Debug|Any CPU.ActiveCfg = Debug|Any CPU
		{BAF37E59-616A-4310-B5FE-1DB9CF9EAFC8}.Debug|Any CPU.Build.0 = Debug|Any CPU
		{BAF37E59-616A-4310-B5FE-1DB9CF9EAFC8}.Release|Any CPU.ActiveCfg = Release|Any CPU
		{BAF37E59-616A-4310-B5FE-1DB9CF9EAFC8}.Release|Any CPU.Build.0 = Release|Any CPU
		{B9EE074B-C872-4BCC-BE73-EABA865B73A0}.Debug|Any CPU.ActiveCfg = Debug|Any CPU
		{B9EE074B-C872-4BCC-BE73-EABA865B73A0}.Debug|Any CPU.Build.0 = Debug|Any CPU
		{B9EE074B-C872-4BCC-BE73-EABA865B73A0}.Release|Any CPU.ActiveCfg = Debug|Any CPU
		{B9EE074B-C872-4BCC-BE73-EABA865B73A0}.Release|Any CPU.Build.0 = Debug|Any CPU
		{DE032670-2834-45CB-8631-1633007BB889}.Debug|Any CPU.ActiveCfg = Debug|Any CPU
		{DE032670-2834-45CB-8631-1633007BB889}.Debug|Any CPU.Build.0 = Debug|Any CPU
		{DE032670-2834-45CB-8631-1633007BB889}.Release|Any CPU.ActiveCfg = Release|Any CPU
		{DE032670-2834-45CB-8631-1633007BB889}.Release|Any CPU.Build.0 = Release|Any CPU
		{FB01512D-D819-4F07-8B77-B1F4D22B26CB}.Debug|Any CPU.ActiveCfg = Debug|Any CPU
		{FB01512D-D819-4F07-8B77-B1F4D22B26CB}.Debug|Any CPU.Build.0 = Debug|Any CPU
		{FB01512D-D819-4F07-8B77-B1F4D22B26CB}.Release|Any CPU.ActiveCfg = Release|Any CPU
		{FB01512D-D819-4F07-8B77-B1F4D22B26CB}.Release|Any CPU.Build.0 = Release|Any CPU
	EndGlobalSection
	GlobalSection(SolutionProperties) = preSolution
		HideSolutionNode = FALSE
	EndGlobalSection
	GlobalSection(ExtensibilityGlobals) = postSolution
		SolutionGuid = {2220E07C-9A74-4028-B06D-8BF8351E9C52}
	EndGlobalSection
EndGlobal
